
Microsoft Visual Studio Solution File, Format Version 12.00
# Visual Studio Version 17
VisualStudioVersion = 17.3.32819.101
MinimumVisualStudioVersion = 10.0.40219.1
Project("{FAE04EC0-301F-11D3-BF4B-00C04F79EFBC}") = "QuanLyQuanNhau", "QuanLyQuanNhau\QuanLyQuanNhau.csproj", "{E67AD50C-379F-4016-945A-6565D5DE5FAB}"
EndProject
Global
	GlobalSection(SolutionConfigurationPlatforms) = preSolution
		Debug|Any CPU = Debug|Any CPU
		Release|Any CPU = Release|Any CPU
	EndGlobalSection
	GlobalSection(ProjectConfigurationPlatforms) = postSolution
		{E67AD50C-379F-4016-945A-6565D5DE5FAB}.Debug|Any CPU.ActiveCfg = Debug|Any CPU
		{E67AD50C-379F-4016-945A-6565D5DE5FAB}.Debug|Any CPU.Build.0 = Debug|Any CPU
		{E67AD50C-379F-4016-945A-6565D5DE5FAB}.Release|Any CPU.ActiveCfg = Release|Any CPU
		{E67AD50C-379F-4016-945A-6565D5DE5FAB}.Release|Any CPU.Build.0 = Release|Any CPU
	EndGlobalSection
	GlobalSection(SolutionProperties) = preSolution
		HideSolutionNode = FALSE
	EndGlobalSection
	GlobalSection(ExtensibilityGlobals) = postSolution
		SolutionGuid = {6278283F-1147-4A5B-96DF-83BCBFFCDB8C}
	EndGlobalSection
EndGlobal
